{
  "name": "kanafas-shapes-demo",
  "version": "1.0.0",
  "lockfileVersion": 1,
  "requires": true,
  "dependencies": {
    "kanafas": {
      "version": "git+https://github.com/kanafas/kanafas.git#57d3196ebe93fc4533bbd6f28114462ca5751416",
      "from": "git+https://github.com/kanafas/kanafas.git#v3.0.0-beta"
    }
  }
}
